
Microsoft Visual Studio Solution File, Format Version 12.00
# Visual Studio 15
VisualStudioVersion = 15.0.27130.2036
MinimumVisualStudioVersion = 10.0.40219.1
Project("{9A19103F-16F7-4668-BE54-9A1E7A4F7556}") = "Algorithms", "Algorithms\Algorithms.csproj", "{EA6D1BBB-B24B-4334-9A49-3B0BBF9E7C28}"
EndProject
Project("{9A19103F-16F7-4668-BE54-9A1E7A4F7556}") = "XUnitTest", "XUnitTest\XUnitTest.csproj", "{587C5B34-6300-4AF3-AD72-3CACF6AB23F7}"
EndProject
Global
	GlobalSection(SolutionConfigurationPlatforms) = preSolution
		Debug|Any CPU = Debug|Any CPU
		Release|Any CPU = Release|Any CPU
	EndGlobalSection
	GlobalSection(ProjectConfigurationPlatforms) = postSolution
		{EA6D1BBB-B24B-4334-9A49-3B0BBF9E7C28}.Debug|Any CPU.ActiveCfg = Debug|Any CPU
		{EA6D1BBB-B24B-4334-9A49-3B0BBF9E7C28}.Debug|Any CPU.Build.0 = Debug|Any CPU
		{EA6D1BBB-B24B-4334-9A49-3B0BBF9E7C28}.Release|Any CPU.ActiveCfg = Release|Any CPU
		{EA6D1BBB-B24B-4334-9A49-3B0BBF9E7C28}.Release|Any CPU.Build.0 = Release|Any CPU
		{587C5B34-6300-4AF3-AD72-3CACF6AB23F7}.Debug|Any CPU.ActiveCfg = Debug|Any CPU
		{587C5B34-6300-4AF3-AD72-3CACF6AB23F7}.Debug|Any CPU.Build.0 = Debug|Any CPU
		{587C5B34-6300-4AF3-AD72-3CACF6AB23F7}.Release|Any CPU.ActiveCfg = Release|Any CPU
		{587C5B34-6300-4AF3-AD72-3CACF6AB23F7}.Release|Any CPU.Build.0 = Release|Any CPU
	EndGlobalSection
	GlobalSection(SolutionProperties) = preSolution
		HideSolutionNode = FALSE
	EndGlobalSection
	GlobalSection(ExtensibilityGlobals) = postSolution
		SolutionGuid = {97C01AF9-5370-4C4B-937B-D443BC346A0F}
	EndGlobalSection
EndGlobal
